
Microsoft Visual Studio Solution File, Format Version 12.00
# Visual Studio Version 16
VisualStudioVersion = 16.0.29519.87
MinimumVisualStudioVersion = 10.0.40219.1
Project("{FAE04EC0-301F-11D3-BF4B-00C04F79EFBC}") = "ConsoleApp8", "ConsoleApp8\ConsoleApp8.csproj", "{2B2CED48-D479-4A4C-91C4-77B3CF474C82}"
EndProject
Global
	GlobalSection(SolutionConfigurationPlatforms) = preSolution
		Debug|Any CPU = Debug|Any CPU
		Release|Any CPU = Release|Any CPU
	EndGlobalSection
	GlobalSection(ProjectConfigurationPlatforms) = postSolution
		{2B2CED48-D479-4A4C-91C4-77B3CF474C82}.Debug|Any CPU.ActiveCfg = Debug|Any CPU
		{2B2CED48-D479-4A4C-91C4-77B3CF474C82}.Debug|Any CPU.Build.0 = Debug|Any CPU
		{2B2CED48-D479-4A4C-91C4-77B3CF474C82}.Release|Any CPU.ActiveCfg = Release|Any CPU
		{2B2CED48-D479-4A4C-91C4-77B3CF474C82}.Release|Any CPU.Build.0 = Release|Any CPU
	EndGlobalSection
	GlobalSection(SolutionProperties) = preSolution
		HideSolutionNode = FALSE
	EndGlobalSection
	GlobalSection(ExtensibilityGlobals) = postSolution
		SolutionGuid = {3EB7B6F0-BDF5-49DA-8B62-D4D2AD5DC95F}
	EndGlobalSection
EndGlobal
