
Microsoft Visual Studio Solution File, Format Version 12.00
# Visual Studio Version 16
VisualStudioVersion = 16.0.29519.87
MinimumVisualStudioVersion = 10.0.40219.1
Project("{FAE04EC0-301F-11D3-BF4B-00C04F79EFBC}") = "ConsoleApp15", "ConsoleApp15\ConsoleApp15.csproj", "{F12450B0-751A-47B4-B165-E84C2DB57F1A}"
EndProject
Global
	GlobalSection(SolutionConfigurationPlatforms) = preSolution
		Debug|Any CPU = Debug|Any CPU
		Release|Any CPU = Release|Any CPU
	EndGlobalSection
	GlobalSection(ProjectConfigurationPlatforms) = postSolution
		{F12450B0-751A-47B4-B165-E84C2DB57F1A}.Debug|Any CPU.ActiveCfg = Debug|Any CPU
		{F12450B0-751A-47B4-B165-E84C2DB57F1A}.Debug|Any CPU.Build.0 = Debug|Any CPU
		{F12450B0-751A-47B4-B165-E84C2DB57F1A}.Release|Any CPU.ActiveCfg = Release|Any CPU
		{F12450B0-751A-47B4-B165-E84C2DB57F1A}.Release|Any CPU.Build.0 = Release|Any CPU
	EndGlobalSection
	GlobalSection(SolutionProperties) = preSolution
		HideSolutionNode = FALSE
	EndGlobalSection
	GlobalSection(ExtensibilityGlobals) = postSolution
		SolutionGuid = {3E0CF34D-2344-42F2-8BD2-419082391E21}
	EndGlobalSection
EndGlobal
